
Microsoft Visual Studio Solution File, Format Version 12.00
# Visual Studio 15
VisualStudioVersion = 15.0.27825.0
MinimumVisualStudioVersion = 10.0.40219.1
Project("{FAE04EC0-301F-11D3-BF4B-00C04F79EFBC}") = "MicroserviceDemo.IdentityServer", "MicroserviceDemo.IdentityServer\MicroserviceDemo.IdentityServer.csproj", "{5E5D7682-FC83-46DB-A502-B50DA193320B}"
EndProject
Global
	GlobalSection(SolutionConfigurationPlatforms) = preSolution
		Debug|Any CPU = Debug|Any CPU
		Release|Any CPU = Release|Any CPU
	EndGlobalSection
	GlobalSection(ProjectConfigurationPlatforms) = postSolution
		{5E5D7682-FC83-46DB-A502-B50DA193320B}.Debug|Any CPU.ActiveCfg = Debug|Any CPU
		{5E5D7682-FC83-46DB-A502-B50DA193320B}.Debug|Any CPU.Build.0 = Debug|Any CPU
		{5E5D7682-FC83-46DB-A502-B50DA193320B}.Release|Any CPU.ActiveCfg = Release|Any CPU
		{5E5D7682-FC83-46DB-A502-B50DA193320B}.Release|Any CPU.Build.0 = Release|Any CPU
	EndGlobalSection
	GlobalSection(SolutionProperties) = preSolution
		HideSolutionNode = FALSE
	EndGlobalSection
	GlobalSection(ExtensibilityGlobals) = postSolution
		SolutionGuid = {DFF195B9-E836-4705-BA3F-C04687E3289C}
	EndGlobalSection
EndGlobal
